
Microsoft Visual Studio Solution File, Format Version 12.00
# Visual Studio 15
VisualStudioVersion = 15.0.28010.2036
MinimumVisualStudioVersion = 10.0.40219.1
Project("{FAE04EC0-301F-11D3-BF4B-00C04F79EFBC}") = "AppStefanini.Android", "AppStefanini\AppStefanini.Android\AppStefanini.Android.csproj", "{24CE3C36-16B9-426D-AA0C-5961ECF8D88C}"
EndProject
Project("{FAE04EC0-301F-11D3-BF4B-00C04F79EFBC}") = "AppStefanini.iOS", "AppStefanini\AppStefanini.iOS\AppStefanini.iOS.csproj", "{4DBBA4E7-C79C-412A-87DF-181C694657D1}"
EndProject
Project("{FAE04EC0-301F-11D3-BF4B-00C04F79EFBC}") = "AppStefanini", "AppStefanini\AppStefanini\AppStefanini.csproj", "{84EDCC53-0962-4E12-9A63-2297B7515490}"
EndProject
Global
	GlobalSection(SolutionConfigurationPlatforms) = preSolution
		Debug|Any CPU = Debug|Any CPU
		Debug|iPhone = Debug|iPhone
		Debug|iPhoneSimulator = Debug|iPhoneSimulator
		Release|Any CPU = Release|Any CPU
		Release|iPhone = Release|iPhone
		Release|iPhoneSimulator = Release|iPhoneSimulator
	EndGlobalSection
	GlobalSection(ProjectConfigurationPlatforms) = postSolution
		{24CE3C36-16B9-426D-AA0C-5961ECF8D88C}.Debug|Any CPU.ActiveCfg = Debug|Any CPU
		{24CE3C36-16B9-426D-AA0C-5961ECF8D88C}.Debug|Any CPU.Build.0 = Debug|Any CPU
		{24CE3C36-16B9-426D-AA0C-5961ECF8D88C}.Debug|Any CPU.Deploy.0 = Debug|Any CPU
		{24CE3C36-16B9-426D-AA0C-5961ECF8D88C}.Debug|iPhone.ActiveCfg = Debug|Any CPU
		{24CE3C36-16B9-426D-AA0C-5961ECF8D88C}.Debug|iPhone.Build.0 = Debug|Any CPU
		{24CE3C36-16B9-426D-AA0C-5961ECF8D88C}.Debug|iPhone.Deploy.0 = Debug|Any CPU
		{24CE3C36-16B9-426D-AA0C-5961ECF8D88C}.Debug|iPhoneSimulator.ActiveCfg = Debug|Any CPU
		{24CE3C36-16B9-426D-AA0C-5961ECF8D88C}.Debug|iPhoneSimulator.Build.0 = Debug|Any CPU
		{24CE3C36-16B9-426D-AA0C-5961ECF8D88C}.Debug|iPhoneSimulator.Deploy.0 = Debug|Any CPU
		{24CE3C36-16B9-426D-AA0C-5961ECF8D88C}.Release|Any CPU.ActiveCfg = Release|Any CPU
		{24CE3C36-16B9-426D-AA0C-5961ECF8D88C}.Release|Any CPU.Build.0 = Release|Any CPU
		{24CE3C36-16B9-426D-AA0C-5961ECF8D88C}.Release|Any CPU.Deploy.0 = Release|Any CPU
		{24CE3C36-16B9-426D-AA0C-5961ECF8D88C}.Release|iPhone.ActiveCfg = Release|Any CPU
		{24CE3C36-16B9-426D-AA0C-5961ECF8D88C}.Release|iPhone.Build.0 = Release|Any CPU
		{24CE3C36-16B9-426D-AA0C-5961ECF8D88C}.Release|iPhone.Deploy.0 = Release|Any CPU
		{24CE3C36-16B9-426D-AA0C-5961ECF8D88C}.Release|iPhoneSimulator.ActiveCfg = Release|Any CPU
		{24CE3C36-16B9-426D-AA0C-5961ECF8D88C}.Release|iPhoneSimulator.Build.0 = Release|Any CPU
		{24CE3C36-16B9-426D-AA0C-5961ECF8D88C}.Release|iPhoneSimulator.Deploy.0 = Release|Any CPU
		{4DBBA4E7-C79C-412A-87DF-181C694657D1}.Debug|Any CPU.ActiveCfg = Debug|iPhoneSimulator
		{4DBBA4E7-C79C-412A-87DF-181C694657D1}.Debug|Any CPU.Build.0 = Debug|iPhoneSimulator
		{4DBBA4E7-C79C-412A-87DF-181C694657D1}.Debug|Any CPU.Deploy.0 = Debug|iPhoneSimulator
		{4DBBA4E7-C79C-412A-87DF-181C694657D1}.Debug|iPhone.ActiveCfg = Debug|iPhone
		{4DBBA4E7-C79C-412A-87DF-181C694657D1}.Debug|iPhone.Build.0 = Debug|iPhone
		{4DBBA4E7-C79C-412A-87DF-181C694657D1}.Debug|iPhone.Deploy.0 = Debug|iPhone
		{4DBBA4E7-C79C-412A-87DF-181C694657D1}.Debug|iPhoneSimulator.ActiveCfg = Debug|iPhoneSimulator
		{4DBBA4E7-C79C-412A-87DF-181C694657D1}.Debug|iPhoneSimulator.Build.0 = Debug|iPhoneSimulator
		{4DBBA4E7-C79C-412A-87DF-181C694657D1}.Debug|iPhoneSimulator.Deploy.0 = Debug|iPhoneSimulator
		{4DBBA4E7-C79C-412A-87DF-181C694657D1}.Release|Any CPU.ActiveCfg = Release|iPhone
		{4DBBA4E7-C79C-412A-87DF-181C694657D1}.Release|Any CPU.Build.0 = Release|iPhone
		{4DBBA4E7-C79C-412A-87DF-181C694657D1}.Release|Any CPU.Deploy.0 = Release|iPhone
		{4DBBA4E7-C79C-412A-87DF-181C694657D1}.Release|iPhone.ActiveCfg = Release|iPhone
		{4DBBA4E7-C79C-412A-87DF-181C694657D1}.Release|iPhone.Build.0 = Release|iPhone
		{4DBBA4E7-C79C-412A-87DF-181C694657D1}.Release|iPhone.Deploy.0 = Release|iPhone
		{4DBBA4E7-C79C-412A-87DF-181C694657D1}.Release|iPhoneSimulator.ActiveCfg = Release|iPhoneSimulator
		{4DBBA4E7-C79C-412A-87DF-181C694657D1}.Release|iPhoneSimulator.Build.0 = Release|iPhoneSimulator
		{4DBBA4E7-C79C-412A-87DF-181C694657D1}.Release|iPhoneSimulator.Deploy.0 = Release|iPhoneSimulator
		{84EDCC53-0962-4E12-9A63-2297B7515490}.Debug|Any CPU.ActiveCfg = Debug|Any CPU
		{84EDCC53-0962-4E12-9A63-2297B7515490}.Debug|Any CPU.Build.0 = Debug|Any CPU
		{84EDCC53-0962-4E12-9A63-2297B7515490}.Debug|Any CPU.Deploy.0 = Debug|Any CPU
		{84EDCC53-0962-4E12-9A63-2297B7515490}.Debug|iPhone.ActiveCfg = Debug|Any CPU
		{84EDCC53-0962-4E12-9A63-2297B7515490}.Debug|iPhone.Build.0 = Debug|Any CPU
		{84EDCC53-0962-4E12-9A63-2297B7515490}.Debug|iPhone.Deploy.0 = Debug|Any CPU
		{84EDCC53-0962-4E12-9A63-2297B7515490}.Debug|iPhoneSimulator.ActiveCfg = Debug|Any CPU
		{84EDCC53-0962-4E12-9A63-2297B7515490}.Debug|iPhoneSimulator.Build.0 = Debug|Any CPU
		{84EDCC53-0962-4E12-9A63-2297B7515490}.Debug|iPhoneSimulator.Deploy.0 = Debug|Any CPU
		{84EDCC53-0962-4E12-9A63-2297B7515490}.Release|Any CPU.ActiveCfg = Release|Any CPU
		{84EDCC53-0962-4E12-9A63-2297B7515490}.Release|Any CPU.Build.0 = Release|Any CPU
		{84EDCC53-0962-4E12-9A63-2297B7515490}.Release|Any CPU.Deploy.0 = Release|Any CPU
		{84EDCC53-0962-4E12-9A63-2297B7515490}.Release|iPhone.ActiveCfg = Release|Any CPU
		{84EDCC53-0962-4E12-9A63-2297B7515490}.Release|iPhone.Build.0 = Release|Any CPU
		{84EDCC53-0962-4E12-9A63-2297B7515490}.Release|iPhone.Deploy.0 = Release|Any CPU
		{84EDCC53-0962-4E12-9A63-2297B7515490}.Release|iPhoneSimulator.ActiveCfg = Release|Any CPU
		{84EDCC53-0962-4E12-9A63-2297B7515490}.Release|iPhoneSimulator.Build.0 = Release|Any CPU
		{84EDCC53-0962-4E12-9A63-2297B7515490}.Release|iPhoneSimulator.Deploy.0 = Release|Any CPU
	EndGlobalSection
	GlobalSection(SolutionProperties) = preSolution
		HideSolutionNode = FALSE
	EndGlobalSection
	GlobalSection(ExtensibilityGlobals) = postSolution
		SolutionGuid = {3A643A8D-19B3-4865-99EF-E8D6C949A422}
	EndGlobalSection
EndGlobal
